
Microsoft Visual Studio Solution File, Format Version 12.00
# Visual Studio Version 17
VisualStudioVersion = 17.5.33627.172
MinimumVisualStudioVersion = 10.0.40219.1
Project("{9A19103F-16F7-4668-BE54-9A1E7A4F7556}") = "SigurdLib.ServerAPI", "SigurdLib.ServerAPI\SigurdLib.ServerAPI.csproj", "{1040E4C2-5C3C-49A5-A4D1-9FB9664B1EC8}"
EndProject
Project("{9A19103F-16F7-4668-BE54-9A1E7A4F7556}") = "SigurdLib.ClientAPI", "SigurdLib.ClientAPI\SigurdLib.ClientAPI.csproj", "{6A6E932B-22DD-4B66-8B92-9CB84EC0D999}"
EndProject
Project("{9A19103F-16F7-4668-BE54-9A1E7A4F7556}") = "SigurdLib.Networking", "SigurdLib.Networking\SigurdLib.Networking.csproj", "{A6E7678D-6739-4ABC-88A0-A703C4D251D1}"
EndProject
Project("{9A19103F-16F7-4668-BE54-9A1E7A4F7556}") = "SigurdLib", "SigurdLib\SigurdLib.csproj", "{D408CF8F-8228-47A6-93A2-A19B33BE26D3}"
EndProject
Project("{FAE04EC0-301F-11D3-BF4B-00C04F79EFBC}") = "SigurdLib.Common", "SigurdLib.Common\SigurdLib.Common.csproj", "{1E970938-AC7B-48C3-9963-9E3F9E989867}"
EndProject
Project("{FAE04EC0-301F-11D3-BF4B-00C04F79EFBC}") = "MSBuildTasks", "MSBuildTasks\MSBuildTasks.csproj", "{C26CC832-C210-4A65-95F7-554215A25D6C}"
EndProject
Project("{FAE04EC0-301F-11D3-BF4B-00C04F79EFBC}") = "SigurdLib.Common.Tests", "SigurdLib.Common.Tests\SigurdLib.Common.Tests.csproj", "{5E4870D9-2E31-4B2E-8F73-45C2810833FE}"
EndProject
Project("{FAE04EC0-301F-11D3-BF4B-00C04F79EFBC}") = "SigurdLib.Patcher", "SigurdLib.Patcher\SigurdLib.Patcher.csproj", "{6C2361E5-ACC9-414D-B0A6-1452A1DB362D}"
EndProject
Project("{FAE04EC0-301F-11D3-BF4B-00C04F79EFBC}") = "SigurdLib.PluginLoader", "SigurdLib.PluginLoader\SigurdLib.PluginLoader.csproj", "{C29DDC93-8AFD-4196-864F-A0AA272A8F05}"
EndProject
Project("{FAE04EC0-301F-11D3-BF4B-00C04F79EFBC}") = "SigurdLib.Util", "SigurdLib.Util\SigurdLib.Util.csproj", "{0C7981F2-311A-4354-9906-7AAB6C5BC76E}"
EndProject
Project("{FAE04EC0-301F-11D3-BF4B-00C04F79EFBC}") = "SigurdLib.Util.Tests", "SigurdLib.Util.Tests\SigurdLib.Util.Tests.csproj", "{5E4870D9-2E31-4B2E-8F73-45C2810833FE}"
EndProject
Project("{FAE04EC0-301F-11D3-BF4B-00C04F79EFBC}") = "SigurdLib.Terminal", "SigurdLib.Terminal\SigurdLib.Terminal.csproj", "{A43DA28B-F528-4622-AA4C-255104D60EB9}"
EndProject
Project("{FAE04EC0-301F-11D3-BF4B-00C04F79EFBC}") = "SigurdLib.Terminal.Tests", "SigurdLib.Terminal.Tests\SigurdLib.Terminal.Tests.csproj", "{7FAB58DF-E522-444E-B4D5-63FA4FB1C818}"
EndProject
Project("{FAE04EC0-301F-11D3-BF4B-00C04F79EFBC}") = "SigurdLib.Common.Tests", "SigurdLib.Common.Tests\SigurdLib.Common.Tests.csproj", "{5E4870D9-2E31-4B2E-8F73-45C2810833FE}"
EndProject
Global
	GlobalSection(SolutionConfigurationPlatforms) = preSolution
		Debug|Any CPU = Debug|Any CPU
		Release|Any CPU = Release|Any CPU
		BuildTasks|Any CPU = BuildTasks|Any CPU
	EndGlobalSection
	GlobalSection(ProjectConfigurationPlatforms) = postSolution
		{1040E4C2-5C3C-49A5-A4D1-9FB9664B1EC8}.Debug|Any CPU.ActiveCfg = Debug|Any CPU
		{1040E4C2-5C3C-49A5-A4D1-9FB9664B1EC8}.Debug|Any CPU.Build.0 = Debug|Any CPU
		{1040E4C2-5C3C-49A5-A4D1-9FB9664B1EC8}.Release|Any CPU.ActiveCfg = Release|Any CPU
		{1040E4C2-5C3C-49A5-A4D1-9FB9664B1EC8}.Release|Any CPU.Build.0 = Release|Any CPU
		{1040E4C2-5C3C-49A5-A4D1-9FB9664B1EC8}.BuildTasks|Any CPU.ActiveCfg = BuildTasks|Any CPU
		{6A6E932B-22DD-4B66-8B92-9CB84EC0D999}.Debug|Any CPU.ActiveCfg = Debug|Any CPU
		{6A6E932B-22DD-4B66-8B92-9CB84EC0D999}.Debug|Any CPU.Build.0 = Debug|Any CPU
		{6A6E932B-22DD-4B66-8B92-9CB84EC0D999}.Release|Any CPU.ActiveCfg = Release|Any CPU
		{6A6E932B-22DD-4B66-8B92-9CB84EC0D999}.Release|Any CPU.Build.0 = Release|Any CPU
		{6A6E932B-22DD-4B66-8B92-9CB84EC0D999}.BuildTasks|Any CPU.ActiveCfg = BuildTasks|Any CPU
		{A6E7678D-6739-4ABC-88A0-A703C4D251D1}.Debug|Any CPU.ActiveCfg = Debug|Any CPU
		{A6E7678D-6739-4ABC-88A0-A703C4D251D1}.Debug|Any CPU.Build.0 = Debug|Any CPU
		{A6E7678D-6739-4ABC-88A0-A703C4D251D1}.Release|Any CPU.ActiveCfg = Release|Any CPU
		{A6E7678D-6739-4ABC-88A0-A703C4D251D1}.Release|Any CPU.Build.0 = Release|Any CPU
		{A6E7678D-6739-4ABC-88A0-A703C4D251D1}.BuildTasks|Any CPU.ActiveCfg = BuildTasks|Any CPU
		{D408CF8F-8228-47A6-93A2-A19B33BE26D3}.Debug|Any CPU.ActiveCfg = Debug|Any CPU
		{D408CF8F-8228-47A6-93A2-A19B33BE26D3}.Debug|Any CPU.Build.0 = Debug|Any CPU
		{D408CF8F-8228-47A6-93A2-A19B33BE26D3}.Release|Any CPU.ActiveCfg = Release|Any CPU
		{D408CF8F-8228-47A6-93A2-A19B33BE26D3}.Release|Any CPU.Build.0 = Release|Any CPU
		{D408CF8F-8228-47A6-93A2-A19B33BE26D3}.BuildTasks|Any CPU.ActiveCfg = BuildTasks|Any CPU
		{1E970938-AC7B-48C3-9963-9E3F9E989867}.Debug|Any CPU.ActiveCfg = Debug|Any CPU
		{1E970938-AC7B-48C3-9963-9E3F9E989867}.Debug|Any CPU.Build.0 = Debug|Any CPU
		{1E970938-AC7B-48C3-9963-9E3F9E989867}.Release|Any CPU.ActiveCfg = Release|Any CPU
		{1E970938-AC7B-48C3-9963-9E3F9E989867}.Release|Any CPU.Build.0 = Release|Any CPU
		{1E970938-AC7B-48C3-9963-9E3F9E989867}.BuildTasks|Any CPU.ActiveCfg = BuildTasks|Any CPU
		{C26CC832-C210-4A65-95F7-554215A25D6C}.BuildTasks|Any CPU.ActiveCfg = BuildTasks|Any CPU
		{C26CC832-C210-4A65-95F7-554215A25D6C}.BuildTasks|Any CPU.Build.0 = BuildTasks|Any CPU
		{C26CC832-C210-4A65-95F7-554215A25D6C}.Debug|Any CPU.ActiveCfg = Debug|Any CPU
		{C26CC832-C210-4A65-95F7-554215A25D6C}.Release|Any CPU.ActiveCfg = Release|Any CPU
		{5E4870D9-2E31-4B2E-8F73-45C2810833FE}.Debug|Any CPU.ActiveCfg = Debug|Any CPU
		{5E4870D9-2E31-4B2E-8F73-45C2810833FE}.Debug|Any CPU.Build.0 = Debug|Any CPU
		{5E4870D9-2E31-4B2E-8F73-45C2810833FE}.Release|Any CPU.ActiveCfg = Release|Any CPU
		{5E4870D9-2E31-4B2E-8F73-45C2810833FE}.Release|Any CPU.Build.0 = Release|Any CPU
		{5E4870D9-2E31-4B2E-8F73-45C2810833FE}.BuildTasks|Any CPU.ActiveCfg = BuildTasks|Any CPU
		{6C2361E5-ACC9-414D-B0A6-1452A1DB362D}.Debug|Any CPU.ActiveCfg = Debug|Any CPU
		{6C2361E5-ACC9-414D-B0A6-1452A1DB362D}.Debug|Any CPU.Build.0 = Debug|Any CPU
		{6C2361E5-ACC9-414D-B0A6-1452A1DB362D}.Release|Any CPU.ActiveCfg = Release|Any CPU
		{6C2361E5-ACC9-414D-B0A6-1452A1DB362D}.Release|Any CPU.Build.0 = Release|Any CPU
		{6C2361E5-ACC9-414D-B0A6-1452A1DB362D}.BuildTasks|Any CPU.ActiveCfg = BuildTasks|Any CPU
		{C29DDC93-8AFD-4196-864F-A0AA272A8F05}.Debug|Any CPU.ActiveCfg = Debug|Any CPU
		{C29DDC93-8AFD-4196-864F-A0AA272A8F05}.Debug|Any CPU.Build.0 = Debug|Any CPU
		{C29DDC93-8AFD-4196-864F-A0AA272A8F05}.Release|Any CPU.ActiveCfg = Release|Any CPU
		{C29DDC93-8AFD-4196-864F-A0AA272A8F05}.Release|Any CPU.Build.0 = Release|Any CPU
		{C29DDC93-8AFD-4196-864F-A0AA272A8F05}.BuildTasks|Any CPU.ActiveCfg = BuildTasks|Any CPU
		{0C7981F2-311A-4354-9906-7AAB6C5BC76E}.Debug|Any CPU.ActiveCfg = Debug|Any CPU
		{0C7981F2-311A-4354-9906-7AAB6C5BC76E}.Debug|Any CPU.Build.0 = Debug|Any CPU
		{0C7981F2-311A-4354-9906-7AAB6C5BC76E}.Release|Any CPU.ActiveCfg = Release|Any CPU
		{0C7981F2-311A-4354-9906-7AAB6C5BC76E}.Release|Any CPU.Build.0 = Release|Any CPU
		{0C7981F2-311A-4354-9906-7AAB6C5BC76E}.BuildTasks|Any CPU.ActiveCfg = BuildTasks|Any CPU
		{A43DA28B-F528-4622-AA4C-255104D60EB9}.Debug|Any CPU.ActiveCfg = Debug|Any CPU
		{A43DA28B-F528-4622-AA4C-255104D60EB9}.Debug|Any CPU.Build.0 = Debug|Any CPU
		{A43DA28B-F528-4622-AA4C-255104D60EB9}.Release|Any CPU.ActiveCfg = Release|Any CPU
		{A43DA28B-F528-4622-AA4C-255104D60EB9}.Release|Any CPU.Build.0 = Release|Any CPU
		{A43DA28B-F528-4622-AA4C-255104D60EB9}.BuildTasks|Any CPU.ActiveCfg = BuildTasks|Any CPU
		{A43DA28B-F528-4622-AA4C-255104D60EB9}.BuildTasks|Any CPU.Build.0 = BuildTasks|Any CPU
		{7FAB58DF-E522-444E-B4D5-63FA4FB1C818}.Debug|Any CPU.ActiveCfg = Debug|Any CPU
		{7FAB58DF-E522-444E-B4D5-63FA4FB1C818}.Debug|Any CPU.Build.0 = Debug|Any CPU
		{7FAB58DF-E522-444E-B4D5-63FA4FB1C818}.Release|Any CPU.ActiveCfg = Release|Any CPU
		{7FAB58DF-E522-444E-B4D5-63FA4FB1C818}.Release|Any CPU.Build.0 = Release|Any CPU
		{7FAB58DF-E522-444E-B4D5-63FA4FB1C818}.BuildTasks|Any CPU.ActiveCfg = BuildTasks|Any CPU
		{7FAB58DF-E522-444E-B4D5-63FA4FB1C818}.BuildTasks|Any CPU.Build.0 = BuildTasks|Any CPU
		{5E4870D9-2E31-4B2E-8F73-45C2810833FE}.Debug|Any CPU.ActiveCfg = Debug|Any CPU
		{5E4870D9-2E31-4B2E-8F73-45C2810833FE}.Debug|Any CPU.Build.0 = Debug|Any CPU
		{5E4870D9-2E31-4B2E-8F73-45C2810833FE}.Release|Any CPU.ActiveCfg = Release|Any CPU
		{5E4870D9-2E31-4B2E-8F73-45C2810833FE}.Release|Any CPU.Build.0 = Release|Any CPU
		{5E4870D9-2E31-4B2E-8F73-45C2810833FE}.BuildTasks|Any CPU.ActiveCfg = BuildTasks|Any CPU
		{5E4870D9-2E31-4B2E-8F73-45C2810833FE}.BuildTasks|Any CPU.Build.0 = BuildTasks|Any CPU
	EndGlobalSection
	GlobalSection(SolutionProperties) = preSolution
		HideSolutionNode = FALSE
	EndGlobalSection
	GlobalSection(ExtensibilityGlobals) = postSolution
		SolutionGuid = {2ED34731-AFD0-43D3-BB04-D7FD46ACBC8B}
	EndGlobalSection
EndGlobal
